<?xml version="1.0" encoding="utf-8"?>
<Project ToolsVersion="4.0" xmlns="http://schemas.microsoft.com/developer/msbuild/2003">
  <ItemGroup>
    <ClCompile Include="src\ofApp.cpp">
      <Filter>src</Filter>
    </ClCompile>
    <ClCompile Include="src\main.cpp">
      <Filter>src</Filter>
    </ClCompile>
    <ClCompile Include="..\..\..\..\..\..\lib\of_v0.9.0_vs_release\addons\ofxMidi\src\ofxBaseMidi.cpp">
      <Filter>addons\ofxMidi\src</Filter>
    </ClCompile>
    <ClCompile Include="..\..\..\..\..\..\lib\of_v0.9.0_vs_release\addons\ofxMidi\src\ofxMidi.cpp">
      <Filter>addons\ofxMidi\src</Filter>
    </ClCompile>
    <ClCompile Include="..\..\..\..\..\..\lib\of_v0.9.0_vs_release\addons\ofxMidi\src\ofxMidiIn.cpp">
      <Filter>addons\ofxMidi\src</Filter>
    </ClCompile>
    <ClCompile Include="..\..\..\..\..\..\lib\of_v0.9.0_vs_release\addons\ofxMidi\src\ofxMidiMessage.cpp">
      <Filter>addons\ofxMidi\src</Filter>
    </ClCompile>
    <ClCompile Include="..\..\..\..\..\..\lib\of_v0.9.0_vs_release\addons\ofxMidi\src\ofxMidiOut.cpp">
      <Filter>addons\ofxMidi\src</Filter>
    </ClCompile>
    <ClCompile Include="..\..\..\..\..\..\lib\of_v0.9.0_vs_release\addons\ofxMidi\src\desktop\ofxRtMidiIn.cpp">
      <Filter>addons\ofxMidi\src\desktop</Filter>
    </ClCompile>
    <ClCompile Include="..\..\..\..\..\..\lib\of_v0.9.0_vs_release\addons\ofxMidi\src\desktop\ofxRtMidiOut.cpp">
      <Filter>addons\ofxMidi\src\desktop</Filter>
    </ClCompile>
    <ClCompile Include="..\..\..\..\..\..\lib\of_v0.9.0_vs_release\addons\ofxMidi\libs\rtmidi\RtMidi.cpp">
      <Filter>addons\ofxMidi\libs\rtmidi</Filter>
    </ClCompile>
    <ClCompile Include="src\tower.cpp">
      <Filter>src</Filter>
    </ClCompile>
    <ClCompile Include="..\..\..\..\..\..\lib\of_v0.9.0_vs_release\addons\ofxCsv\src\ofxCsv.cpp">
      <Filter>addons\ofxCsv</Filter>
    </ClCompile>
    <ClCompile Include="..\..\..\..\..\..\lib\of_v0.9.0_vs_release\addons\ofxDatGui\src\ofxDatGui.cpp">
      <Filter>addons\ofxDatGui</Filter>
    </ClCompile>
    <ClCompile Include="..\..\..\..\..\..\lib\of_v0.9.0_vs_release\addons\ofxDatGui\src\core\ofxDatGuiComponent.cpp">
      <Filter>addons\ofxDatGui\core</Filter>
    </ClCompile>
    <ClCompile Include="..\..\..\..\..\..\lib\of_v0.9.0_vs_release\addons\ofxDatGui\src\templates\ofxDatGuiTemplate.cpp">
      <Filter>addons\ofxDatGui\templates</Filter>
    </ClCompile>
  </ItemGroup>
  <ItemGroup>
    <Filter Include="src">
      <UniqueIdentifier>{d8376475-7454-4a24-b08a-aac121d3ad6f}</UniqueIdentifier>
    </Filter>
    <Filter Include="addons">
      <UniqueIdentifier>{aa55a509-9514-449e-8023-76923820fa58}</UniqueIdentifier>
    </Filter>
    <Filter Include="addons\ofxMidi">
      <UniqueIdentifier>{2b6d64af-73e8-4b68-a1a0-24b62507177d}</UniqueIdentifier>
    </Filter>
    <Filter Include="addons\ofxMidi\src">
      <UniqueIdentifier>{b164aa21-b92f-4e18-93de-fd8c73cac271}</UniqueIdentifier>
    </Filter>
    <Filter Include="addons\ofxMidi\src\desktop">
      <UniqueIdentifier>{870fa5f0-2069-4d00-8221-85d27fb260cd}</UniqueIdentifier>
    </Filter>
    <Filter Include="addons\ofxMidi\src\ios">
      <UniqueIdentifier>{a5b0496d-025c-4b86-ba17-9397797dbc19}</UniqueIdentifier>
    </Filter>
    <Filter Include="addons\ofxMidi\libs">
      <UniqueIdentifier>{080018f8-3aba-46d4-9619-5f9b45ed8dbb}</UniqueIdentifier>
    </Filter>
    <Filter Include="addons\ofxMidi\libs\pgmidi">
      <UniqueIdentifier>{d946ebe2-df6b-484f-9ad7-0c5b30154d2a}</UniqueIdentifier>
    </Filter>
    <Filter Include="addons\ofxMidi\libs\rtmidi">
      <UniqueIdentifier>{5e48efda-5e2f-4e07-b080-bb6eb16cd5c2}</UniqueIdentifier>
    </Filter>
    <Filter Include="addons\ofxCsv">
      <UniqueIdentifier>{0b33de4a-cdb7-47fa-aa32-5e83fc6292dc}</UniqueIdentifier>
    </Filter>
    <Filter Include="addons\ofxDatGui">
      <UniqueIdentifier>{8315c366-fac4-40e9-a7ac-ee485cb06653}</UniqueIdentifier>
    </Filter>
    <Filter Include="addons\ofxDatGui\core">
      <UniqueIdentifier>{43069203-2be9-4aa6-ab13-752cf260b237}</UniqueIdentifier>
    </Filter>
    <Filter Include="addons\ofxDatGui\templates">
      <UniqueIdentifier>{cdedd310-b8d4-4e05-997c-04390d2be3aa}</UniqueIdentifier>
    </Filter>
    <Filter Include="addons\ofxDatGui\components">
      <UniqueIdentifier>{a1658891-606d-4588-9d02-4a653e5d8f45}</UniqueIdentifier>
    </Filter>
  </ItemGroup>
  <ItemGroup>
    <ClInclude Include="src\ofApp.h">
      <Filter>src</Filter>
    </ClInclude>
    <ClInclude Include="..\..\..\..\..\..\lib\of_v0.9.0_vs_release\addons\ofxMidi\src\ofxBaseMidi.h">
      <Filter>addons\ofxMidi\src</Filter>
    </ClInclude>
    <ClInclude Include="..\..\..\..\..\..\lib\of_v0.9.0_vs_release\addons\ofxMidi\src\ofxMidi.h">
      <Filter>addons\ofxMidi\src</Filter>
    </ClInclude>
    <ClInclude Include="..\..\..\..\..\..\lib\of_v0.9.0_vs_release\addons\ofxMidi\src\ofxMidiConstants.h">
      <Filter>addons\ofxMidi\src</Filter>
    </ClInclude>
    <ClInclude Include="..\..\..\..\..\..\lib\of_v0.9.0_vs_release\addons\ofxMidi\src\ofxMidiIn.h">
      <Filter>addons\ofxMidi\src</Filter>
    </ClInclude>
    <ClInclude Include="..\..\..\..\..\..\lib\of_v0.9.0_vs_release\addons\ofxMidi\src\ofxMidiMessage.h">
      <Filter>addons\ofxMidi\src</Filter>
    </ClInclude>
    <ClInclude Include="..\..\..\..\..\..\lib\of_v0.9.0_vs_release\addons\ofxMidi\src\ofxMidiOut.h">
      <Filter>addons\ofxMidi\src</Filter>
    </ClInclude>
    <ClInclude Include="..\..\..\..\..\..\lib\of_v0.9.0_vs_release\addons\ofxMidi\src\ofxMidiTypes.h">
      <Filter>addons\ofxMidi\src</Filter>
    </ClInclude>
    <ClInclude Include="..\..\..\..\..\..\lib\of_v0.9.0_vs_release\addons\ofxMidi\src\desktop\ofxRtMidiIn.h">
      <Filter>addons\ofxMidi\src\desktop</Filter>
    </ClInclude>
    <ClInclude Include="..\..\..\..\..\..\lib\of_v0.9.0_vs_release\addons\ofxMidi\src\desktop\ofxRtMidiOut.h">
      <Filter>addons\ofxMidi\src\desktop</Filter>
    </ClInclude>
    <ClInclude Include="..\..\..\..\..\..\lib\of_v0.9.0_vs_release\addons\ofxMidi\src\ios\ofxPGMidiContext.h">
      <Filter>addons\ofxMidi\src\ios</Filter>
    </ClInclude>
    <ClInclude Include="..\..\..\..\..\..\lib\of_v0.9.0_vs_release\addons\ofxMidi\src\ios\ofxPGMidiDelegate.h">
      <Filter>addons\ofxMidi\src\ios</Filter>
    </ClInclude>
    <ClInclude Include="..\..\..\..\..\..\lib\of_v0.9.0_vs_release\addons\ofxMidi\src\ios\ofxPGMidiIn.h">
      <Filter>addons\ofxMidi\src\ios</Filter>
    </ClInclude>
    <ClInclude Include="..\..\..\..\..\..\lib\of_v0.9.0_vs_release\addons\ofxMidi\src\ios\ofxPGMidiOut.h">
      <Filter>addons\ofxMidi\src\ios</Filter>
    </ClInclude>
    <ClInclude Include="..\..\..\..\..\..\lib\of_v0.9.0_vs_release\addons\ofxMidi\src\ios\ofxPGMidiSourceDelegate.h">
      <Filter>addons\ofxMidi\src\ios</Filter>
    </ClInclude>
    <ClInclude Include="..\..\..\..\..\..\lib\of_v0.9.0_vs_release\addons\ofxMidi\libs\pgmidi\iOSVersionDetection.h">
      <Filter>addons\ofxMidi\libs\pgmidi</Filter>
    </ClInclude>
    <ClInclude Include="..\..\..\..\..\..\lib\of_v0.9.0_vs_release\addons\ofxMidi\libs\pgmidi\PGArc.h">
      <Filter>addons\ofxMidi\libs\pgmidi</Filter>
    </ClInclude>
    <ClInclude Include="..\..\..\..\..\..\lib\of_v0.9.0_vs_release\addons\ofxMidi\libs\pgmidi\PGMidi.h">
      <Filter>addons\ofxMidi\libs\pgmidi</Filter>
    </ClInclude>
    <ClInclude Include="..\..\..\..\..\..\lib\of_v0.9.0_vs_release\addons\ofxMidi\libs\pgmidi\PGMidiAllSources.h">
      <Filter>addons\ofxMidi\libs\pgmidi</Filter>
    </ClInclude>
    <ClInclude Include="..\..\..\..\..\..\lib\of_v0.9.0_vs_release\addons\ofxMidi\libs\pgmidi\PGMidiFind.h">
      <Filter>addons\ofxMidi\libs\pgmidi</Filter>
    </ClInclude>
    <ClInclude Include="..\..\..\..\..\..\lib\of_v0.9.0_vs_release\addons\ofxMidi\libs\rtmidi\RtMidi.h">
      <Filter>addons\ofxMidi\libs\rtmidi</Filter>
    </ClInclude>
    <ClInclude Include="src\tower.h">
      <Filter>src</Filter>
    </ClInclude>
    <ClInclude Include="..\..\..\..\..\..\lib\of_v0.9.0_vs_release\addons\ofxCsv\src\ofxCsv.h">
      <Filter>addons\ofxCsv</Filter>
    </ClInclude>
    <ClInclude Include="..\..\..\..\..\..\lib\of_v0.9.0_vs_release\addons\ofxDatGui\src\ofxDatGui.h">
      <Filter>addons\ofxDatGui</Filter>
    </ClInclude>
    <ClInclude Include="..\..\..\..\..\..\lib\of_v0.9.0_vs_release\addons\ofxDatGui\src\core\ofxDatGuiComponent.h">
      <Filter>addons\ofxDatGui\core</Filter>
    </ClInclude>
    <ClInclude Include="..\..\..\..\..\..\lib\of_v0.9.0_vs_release\addons\ofxDatGui\src\core\ofxDatGuiConstants.h">
      <Filter>addons\ofxDatGui\core</Filter>
    </ClInclude>
    <ClInclude Include="..\..\..\..\..\..\lib\of_v0.9.0_vs_release\addons\ofxDatGui\src\core\ofxDatGuiEvents.h">
      <Filter>addons\ofxDatGui\core</Filter>
    </ClInclude>
    <ClInclude Include="..\..\..\..\..\..\lib\of_v0.9.0_vs_release\addons\ofxDatGui\src\core\ofxDatGuiFont.h">
      <Filter>addons\ofxDatGui\core</Filter>
    </ClInclude>
    <ClInclude Include="..\..\..\..\..\..\lib\of_v0.9.0_vs_release\addons\ofxDatGui\src\core\ofxDatGuiIntObject.h">
      <Filter>addons\ofxDatGui\core</Filter>
    </ClInclude>
    <ClInclude Include="..\..\..\..\..\..\lib\of_v0.9.0_vs_release\addons\ofxDatGui\src\components\ofxDatGui2dPad.h">
      <Filter>addons\ofxDatGui\components</Filter>
    </ClInclude>
    <ClInclude Include="..\..\..\..\..\..\lib\of_v0.9.0_vs_release\addons\ofxDatGui\src\components\ofxDatGuiButton.h">
      <Filter>addons\ofxDatGui\components</Filter>
    </ClInclude>
    <ClInclude Include="..\..\..\..\..\..\lib\of_v0.9.0_vs_release\addons\ofxDatGui\src\components\ofxDatGuiColorPicker.h">
      <Filter>addons\ofxDatGui\components</Filter>
    </ClInclude>
    <ClInclude Include="..\..\..\..\..\..\lib\of_v0.9.0_vs_release\addons\ofxDatGui\src\components\ofxDatGuiControls.h">
      <Filter>addons\ofxDatGui\components</Filter>
    </ClInclude>
    <ClInclude Include="..\..\..\..\..\..\lib\of_v0.9.0_vs_release\addons\ofxDatGui\src\components\ofxDatGuiFRM.h">
      <Filter>addons\ofxDatGui\components</Filter>
    </ClInclude>
    <ClInclude Include="..\..\..\..\..\..\lib\of_v0.9.0_vs_release\addons\ofxDatGui\src\components\ofxDatGuiGroups.h">
      <Filter>addons\ofxDatGui\components</Filter>
    </ClInclude>
    <ClInclude Include="..\..\..\..\..\..\lib\of_v0.9.0_vs_release\addons\ofxDatGui\src\components\ofxDatGuiLabel.h">
      <Filter>addons\ofxDatGui\components</Filter>
    </ClInclude>
    <ClInclude Include="..\..\..\..\..\..\lib\of_v0.9.0_vs_release\addons\ofxDatGui\src\components\ofxDatGuiMatrix.h">
      <Filter>addons\ofxDatGui\components</Filter>
    </ClInclude>
    <ClInclude Include="..\..\..\..\..\..\lib\of_v0.9.0_vs_release\addons\ofxDatGui\src\components\ofxDatGuiSlider.h">
      <Filter>addons\ofxDatGui\components</Filter>
    </ClInclude>
    <ClInclude Include="..\..\..\..\..\..\lib\of_v0.9.0_vs_release\addons\ofxDatGui\src\components\ofxDatGuiTextInput.h">
      <Filter>addons\ofxDatGui\components</Filter>
    </ClInclude>
    <ClInclude Include="..\..\..\..\..\..\lib\of_v0.9.0_vs_release\addons\ofxDatGui\src\components\ofxDatGuiTextInputField.h">
      <Filter>addons\ofxDatGui\components</Filter>
    </ClInclude>
    <ClInclude Include="..\..\..\..\..\..\lib\of_v0.9.0_vs_release\addons\ofxDatGui\src\components\ofxDatGuiTimeGraph.h">
      <Filter>addons\ofxDatGui\components</Filter>
    </ClInclude>
    <ClInclude Include="..\..\..\..\..\..\lib\of_v0.9.0_vs_release\addons\ofxDatGui\src\templates\ofxDatGuiTemplate.h">
      <Filter>addons\ofxDatGui\templates</Filter>
    </ClInclude>
    <ClInclude Include="..\..\..\..\..\..\lib\of_v0.9.0_vs_release\addons\ofxDatGui\src\templates\ofxDatGuiTemplates.h">
      <Filter>addons\ofxDatGui\templates</Filter>
    </ClInclude>
  </ItemGroup>
  <ItemGroup>
    <ResourceCompile Include="icon.rc" />
  </ItemGroup>
</Project>